
Microsoft Visual Studio Solution File, Format Version 12.00
# Visual Studio Version 17
VisualStudioVersion = 17.8.34322.80
MinimumVisualStudioVersion = 10.0.40219.1
Project("{2150E333-8FDC-42A3-9474-1A3956D46DE8}") = "src", "src", "{EB13D44F-BDC0-4227-AD1F-D204842987B6}"
EndProject
Project("{2150E333-8FDC-42A3-9474-1A3956D46DE8}") = "core", "core", "{6980C522-6848-46CD-A831-5B6C92C51EC7}"
EndProject
Project("{9A19103F-16F7-4668-BE54-9A1E7A4F7556}") = "Payment.Domain", "src\core\Payment.Domain\Payment.Domain.csproj", "{C58E86DD-21D6-4144-8061-49E427D41A19}"
EndProject
Project("{9A19103F-16F7-4668-BE54-9A1E7A4F7556}") = "Payment.Application", "src\core\Payment.Application\Payment.Application.csproj", "{0B499284-9232-40E0-9205-95A22F381055}"
EndProject
Project("{2150E333-8FDC-42A3-9474-1A3956D46DE8}") = "infras", "infras", "{690D45C6-B18D-4B6F-BE67-C893D49F17C3}"
EndProject
Project("{9A19103F-16F7-4668-BE54-9A1E7A4F7556}") = "Payment.Persistence", "src\infras\Payment.Persistence\Payment.Persistence.csproj", "{EF575E44-1BDC-4775-AFEA-352C7E2CBFCA}"
EndProject
Project("{2150E333-8FDC-42A3-9474-1A3956D46DE8}") = "pre", "pre", "{2CE38A05-6839-4E25-8AA0-92E2FA1EB845}"
EndProject
Project("{9A19103F-16F7-4668-BE54-9A1E7A4F7556}") = "Payment.Api", "src\pre\Payment.Api\Payment.Api.csproj", "{111A051E-6343-4FBD-9DCF-8DFF1B1B1B05}"
EndProject
Project("{2150E333-8FDC-42A3-9474-1A3956D46DE8}") = "shared", "shared", "{313F4C5B-C708-413B-9054-BFA9332B208E}"
EndProject
Project("{9A19103F-16F7-4668-BE54-9A1E7A4F7556}") = "Payment.Untils", "src\shared\Payment.Untils\Payment.Untils.csproj", "{AC90DF32-ABC4-44A2-A480-4C190B82BA37}"
EndProject
Project("{FAE04EC0-301F-11D3-BF4B-00C04F79EFBC}") = "Payment.Service", "src\infras\Payment.Service\Payment.Service.csproj", "{D0D39B9A-D17F-44DA-ABDB-087E5ED5AA86}"
EndProject
Global
	GlobalSection(SolutionConfigurationPlatforms) = preSolution
		Debug|Any CPU = Debug|Any CPU
		Release|Any CPU = Release|Any CPU
	EndGlobalSection
	GlobalSection(ProjectConfigurationPlatforms) = postSolution
		{C58E86DD-21D6-4144-8061-49E427D41A19}.Debug|Any CPU.ActiveCfg = Debug|Any CPU
		{C58E86DD-21D6-4144-8061-49E427D41A19}.Debug|Any CPU.Build.0 = Debug|Any CPU
		{C58E86DD-21D6-4144-8061-49E427D41A19}.Release|Any CPU.ActiveCfg = Release|Any CPU
		{C58E86DD-21D6-4144-8061-49E427D41A19}.Release|Any CPU.Build.0 = Release|Any CPU
		{0B499284-9232-40E0-9205-95A22F381055}.Debug|Any CPU.ActiveCfg = Debug|Any CPU
		{0B499284-9232-40E0-9205-95A22F381055}.Debug|Any CPU.Build.0 = Debug|Any CPU
		{0B499284-9232-40E0-9205-95A22F381055}.Release|Any CPU.ActiveCfg = Release|Any CPU
		{0B499284-9232-40E0-9205-95A22F381055}.Release|Any CPU.Build.0 = Release|Any CPU
		{EF575E44-1BDC-4775-AFEA-352C7E2CBFCA}.Debug|Any CPU.ActiveCfg = Debug|Any CPU
		{EF575E44-1BDC-4775-AFEA-352C7E2CBFCA}.Debug|Any CPU.Build.0 = Debug|Any CPU
		{EF575E44-1BDC-4775-AFEA-352C7E2CBFCA}.Release|Any CPU.ActiveCfg = Release|Any CPU
		{EF575E44-1BDC-4775-AFEA-352C7E2CBFCA}.Release|Any CPU.Build.0 = Release|Any CPU
		{111A051E-6343-4FBD-9DCF-8DFF1B1B1B05}.Debug|Any CPU.ActiveCfg = Debug|Any CPU
		{111A051E-6343-4FBD-9DCF-8DFF1B1B1B05}.Debug|Any CPU.Build.0 = Debug|Any CPU
		{111A051E-6343-4FBD-9DCF-8DFF1B1B1B05}.Release|Any CPU.ActiveCfg = Release|Any CPU
		{111A051E-6343-4FBD-9DCF-8DFF1B1B1B05}.Release|Any CPU.Build.0 = Release|Any CPU
		{AC90DF32-ABC4-44A2-A480-4C190B82BA37}.Debug|Any CPU.ActiveCfg = Debug|Any CPU
		{AC90DF32-ABC4-44A2-A480-4C190B82BA37}.Debug|Any CPU.Build.0 = Debug|Any CPU
		{AC90DF32-ABC4-44A2-A480-4C190B82BA37}.Release|Any CPU.ActiveCfg = Release|Any CPU
		{AC90DF32-ABC4-44A2-A480-4C190B82BA37}.Release|Any CPU.Build.0 = Release|Any CPU
		{D0D39B9A-D17F-44DA-ABDB-087E5ED5AA86}.Debug|Any CPU.ActiveCfg = Debug|Any CPU
		{D0D39B9A-D17F-44DA-ABDB-087E5ED5AA86}.Debug|Any CPU.Build.0 = Debug|Any CPU
		{D0D39B9A-D17F-44DA-ABDB-087E5ED5AA86}.Release|Any CPU.ActiveCfg = Release|Any CPU
		{D0D39B9A-D17F-44DA-ABDB-087E5ED5AA86}.Release|Any CPU.Build.0 = Release|Any CPU
	EndGlobalSection
	GlobalSection(SolutionProperties) = preSolution
		HideSolutionNode = FALSE
	EndGlobalSection
	GlobalSection(NestedProjects) = preSolution
		{6980C522-6848-46CD-A831-5B6C92C51EC7} = {EB13D44F-BDC0-4227-AD1F-D204842987B6}
		{C58E86DD-21D6-4144-8061-49E427D41A19} = {6980C522-6848-46CD-A831-5B6C92C51EC7}
		{0B499284-9232-40E0-9205-95A22F381055} = {6980C522-6848-46CD-A831-5B6C92C51EC7}
		{690D45C6-B18D-4B6F-BE67-C893D49F17C3} = {EB13D44F-BDC0-4227-AD1F-D204842987B6}
		{EF575E44-1BDC-4775-AFEA-352C7E2CBFCA} = {690D45C6-B18D-4B6F-BE67-C893D49F17C3}
		{2CE38A05-6839-4E25-8AA0-92E2FA1EB845} = {EB13D44F-BDC0-4227-AD1F-D204842987B6}
		{111A051E-6343-4FBD-9DCF-8DFF1B1B1B05} = {2CE38A05-6839-4E25-8AA0-92E2FA1EB845}
		{313F4C5B-C708-413B-9054-BFA9332B208E} = {EB13D44F-BDC0-4227-AD1F-D204842987B6}
		{AC90DF32-ABC4-44A2-A480-4C190B82BA37} = {313F4C5B-C708-413B-9054-BFA9332B208E}
		{D0D39B9A-D17F-44DA-ABDB-087E5ED5AA86} = {690D45C6-B18D-4B6F-BE67-C893D49F17C3}
	EndGlobalSection
	GlobalSection(ExtensibilityGlobals) = postSolution
		SolutionGuid = {D6586F65-C6D9-4ED0-A4D2-FAEE8AACD838}
	EndGlobalSection
EndGlobal
